{
  "name": "red-steer",
  "version": "0.0.0",
  "lockfileVersion": 1,
  "requires": true,
  "dependencies": {
    "vectors-2d": {
      "version": "1.1.1",
      "resolved": "https://registry.npmjs.org/vectors-2d/-/vectors-2d-1.1.1.tgz",
      "integrity": "sha512-I+zVXDZxSDYVsZyTHeV1anqyPnkPsHY7XOCsse0zdVkz426FYAhgjJPsi6LexsoqcdOE51auTGCaD3Loz1owZg=="
    }
  }
}
